
Microsoft Visual Studio Solution File, Format Version 12.00
# Visual Studio Version 17
VisualStudioVersion = 17.2.32602.215
MinimumVisualStudioVersion = 10.0.40219.1
Project("{9A19103F-16F7-4668-BE54-9A1E7A4F7556}") = "DotNetCoreFirstproject", "DotNetCoreFirstproject\DotNetCoreFirstproject.csproj", "{6A27A932-5E57-4A29-A409-FD9D3EE26477}"
EndProject
Project("{FAE04EC0-301F-11D3-BF4B-00C04F79EFBC}") = "Entities", "Entities\Entities.csproj", "{6C78B996-7253-4C06-80E5-859051705EB0}"
EndProject
Project("{FAE04EC0-301F-11D3-BF4B-00C04F79EFBC}") = "BusinessLayer", "BusinessLayer\BusinessLayer.csproj", "{C5F2B873-9F16-4AC8-AD16-A6A8FD268AE0}"
EndProject
Global
	GlobalSection(SolutionConfigurationPlatforms) = preSolution
		Debug|Any CPU = Debug|Any CPU
		Release|Any CPU = Release|Any CPU
	EndGlobalSection
	GlobalSection(ProjectConfigurationPlatforms) = postSolution
		{6A27A932-5E57-4A29-A409-FD9D3EE26477}.Debug|Any CPU.ActiveCfg = Debug|Any CPU
		{6A27A932-5E57-4A29-A409-FD9D3EE26477}.Debug|Any CPU.Build.0 = Debug|Any CPU
		{6A27A932-5E57-4A29-A409-FD9D3EE26477}.Release|Any CPU.ActiveCfg = Release|Any CPU
		{6A27A932-5E57-4A29-A409-FD9D3EE26477}.Release|Any CPU.Build.0 = Release|Any CPU
		{6C78B996-7253-4C06-80E5-859051705EB0}.Debug|Any CPU.ActiveCfg = Debug|Any CPU
		{6C78B996-7253-4C06-80E5-859051705EB0}.Debug|Any CPU.Build.0 = Debug|Any CPU
		{6C78B996-7253-4C06-80E5-859051705EB0}.Release|Any CPU.ActiveCfg = Release|Any CPU
		{6C78B996-7253-4C06-80E5-859051705EB0}.Release|Any CPU.Build.0 = Release|Any CPU
		{C5F2B873-9F16-4AC8-AD16-A6A8FD268AE0}.Debug|Any CPU.ActiveCfg = Debug|Any CPU
		{C5F2B873-9F16-4AC8-AD16-A6A8FD268AE0}.Debug|Any CPU.Build.0 = Debug|Any CPU
		{C5F2B873-9F16-4AC8-AD16-A6A8FD268AE0}.Release|Any CPU.ActiveCfg = Release|Any CPU
		{C5F2B873-9F16-4AC8-AD16-A6A8FD268AE0}.Release|Any CPU.Build.0 = Release|Any CPU
	EndGlobalSection
	GlobalSection(SolutionProperties) = preSolution
		HideSolutionNode = FALSE
	EndGlobalSection
	GlobalSection(ExtensibilityGlobals) = postSolution
		SolutionGuid = {46A62FBC-E686-4B34-95B4-8B79F65DB91C}
	EndGlobalSection
EndGlobal
